Microsoft Visual Studio Solution File, Format Version 12.00
# Visual Studio 15
VisualStudioVersion = 15.0.27004.2008
MinimumVisualStudioVersion = 15.0
Project("{8A1C70B9-FDEA-4CD4-B3FC-771843643A9F}") = "Oxide.TheForest", "Oxide.TheForest\Oxide.TheForest.csproj", "{183056B0-1635-46BB-81CC-8669EE46E83F}"
EndProject
Global
	GlobalSection(SolutionConfigurationPlatforms) = preSolution
		Debug|Any CPU = Debug|Any CPU
		Release|Any CPU = Release|Any CPU
	EndGlobalSection
	GlobalSection(ProjectConfigurationPlatforms) = postSolution
		{183056B0-1635-46BB-81CC-8669EE46E83F}.Debug|Any CPU.ActiveCfg = Debug|Any CPU
		{183056B0-1635-46BB-81CC-8669EE46E83F}.Debug|Any CPU.Build.0 = Debug|Any CPU
		{183056B0-1635-46BB-81CC-8669EE46E83F}.Release|Any CPU.ActiveCfg = Release|Any CPU
		{183056B0-1635-46BB-81CC-8669EE46E83F}.Release|Any CPU.Build.0 = Release|Any CPU
	EndGlobalSection
EndGlobal
